
Microsoft Visual Studio Solution File, Format Version 10.00
# Visual Studio 2008
Project("{FAE04EC0-301F-11D3-BF4B-00C04F79EFBC}") = "QLD", "QLD\QLD.csproj", "{CAA6776D-5D8A-4955-9099-BF27C969D945}"
EndProject
Global
	GlobalSection(SolutionConfigurationPlatforms) = preSolution
		Debug|Any CPU = Debug|Any CPU
		Release|Any CPU = Release|Any CPU
	EndGlobalSection
	GlobalSection(ProjectConfigurationPlatforms) = postSolution
		{CAA6776D-5D8A-4955-9099-BF27C969D945}.Debug|Any CPU.ActiveCfg = Debug|Any CPU
		{CAA6776D-5D8A-4955-9099-BF27C969D945}.Debug|Any CPU.Build.0 = Debug|Any CPU
		{CAA6776D-5D8A-4955-9099-BF27C969D945}.Release|Any CPU.ActiveCfg = Release|Any CPU
		{CAA6776D-5D8A-4955-9099-BF27C969D945}.Release|Any CPU.Build.0 = Release|Any CPU
	EndGlobalSection
	GlobalSection(SolutionProperties) = preSolution
		HideSolutionNode = FALSE
	EndGlobalSection
EndGlobal
